
Microsoft Visual Studio Solution File, Format Version 12.00
# Visual Studio Version 17
VisualStudioVersion = 17.8.34330.188
MinimumVisualStudioVersion = 10.0.40219.1
Project("{8BC9CEB8-8B4A-11D0-8D11-00A0C91BC942}") = "chap02", "chap02\chap02.vcxproj", "{4FC65291-6557-46E5-9409-C2A9B06A7DF5}"
EndProject
Project("{8BC9CEB8-8B4A-11D0-8D11-00A0C91BC942}") = "workshop01", "workshop01\workshop01.vcxproj", "{F7A38640-573F-49D8-A1C9-74445AC21945}"
EndProject
Project("{8BC9CEB8-8B4A-11D0-8D11-00A0C91BC942}") = "chap03", "chap03\chap03.vcxproj", "{F7693688-D461-4634-894E-0411154EC99B}"
EndProject
Project("{8BC9CEB8-8B4A-11D0-8D11-00A0C91BC942}") = "chap04", "chap04\chap04.vcxproj", "{9418D1DC-D4D4-42A1-83DD-E3B840BFEEDF}"
EndProject
Project("{8BC9CEB8-8B4A-11D0-8D11-00A0C91BC942}") = "chap05", "chap05\chap05.vcxproj", "{389F4A7E-5E40-40B1-A62E-04EB7CBE42F7}"
EndProject
Project("{8BC9CEB8-8B4A-11D0-8D11-00A0C91BC942}") = "chap06", "chap06\chap06.vcxproj", "{589DE423-5BF3-4A97-9A76-897C8B1C1974}"
EndProject
Project("{8BC9CEB8-8B4A-11D0-8D11-00A0C91BC942}") = "chap01", "chap01\chap01.vcxproj", "{76492E45-A2B1-4619-8155-F36BB57B79C3}"
EndProject
Project("{8BC9CEB8-8B4A-11D0-8D11-00A0C91BC942}") = "chap07", "chap07\chap07.vcxproj", "{E4A02162-CE45-445B-8C87-BFFA12228017}"
EndProject
Project("{8BC9CEB8-8B4A-11D0-8D11-00A0C91BC942}") = "chap08", "chap08\chap08.vcxproj", "{F5D5E4FE-341E-4CB9-BBCE-1F0BD98C41A6}"
EndProject
Project("{8BC9CEB8-8B4A-11D0-8D11-00A0C91BC942}") = "workshop02", "workshop02\workshop02.vcxproj", "{CA6B1326-9506-4EDF-A27B-23E6FF16C571}"
EndProject
Project("{8BC9CEB8-8B4A-11D0-8D11-00A0C91BC942}") = "chap09", "chap09\chap09.vcxproj", "{13B3566B-7309-47D8-895E-49455D1BACF1}"
EndProject
Global
	GlobalSection(SolutionConfigurationPlatforms) = preSolution
		Debug|x64 = Debug|x64
		Debug|x86 = Debug|x86
		Release|x64 = Release|x64
		Release|x86 = Release|x86
	EndGlobalSection
	GlobalSection(ProjectConfigurationPlatforms) = postSolution
		{4FC65291-6557-46E5-9409-C2A9B06A7DF5}.Debug|x64.ActiveCfg = Debug|x64
		{4FC65291-6557-46E5-9409-C2A9B06A7DF5}.Debug|x64.Build.0 = Debug|x64
		{4FC65291-6557-46E5-9409-C2A9B06A7DF5}.Debug|x86.ActiveCfg = Debug|Win32
		{4FC65291-6557-46E5-9409-C2A9B06A7DF5}.Debug|x86.Build.0 = Debug|Win32
		{4FC65291-6557-46E5-9409-C2A9B06A7DF5}.Release|x64.ActiveCfg = Release|x64
		{4FC65291-6557-46E5-9409-C2A9B06A7DF5}.Release|x64.Build.0 = Release|x64
		{4FC65291-6557-46E5-9409-C2A9B06A7DF5}.Release|x86.ActiveCfg = Release|Win32
		{4FC65291-6557-46E5-9409-C2A9B06A7DF5}.Release|x86.Build.0 = Release|Win32
		{F7A38640-573F-49D8-A1C9-74445AC21945}.Debug|x64.ActiveCfg = Debug|x64
		{F7A38640-573F-49D8-A1C9-74445AC21945}.Debug|x64.Build.0 = Debug|x64
		{F7A38640-573F-49D8-A1C9-74445AC21945}.Debug|x86.ActiveCfg = Debug|Win32
		{F7A38640-573F-49D8-A1C9-74445AC21945}.Debug|x86.Build.0 = Debug|Win32
		{F7A38640-573F-49D8-A1C9-74445AC21945}.Release|x64.ActiveCfg = Release|x64
		{F7A38640-573F-49D8-A1C9-74445AC21945}.Release|x64.Build.0 = Release|x64
		{F7A38640-573F-49D8-A1C9-74445AC21945}.Release|x86.ActiveCfg = Release|Win32
		{F7A38640-573F-49D8-A1C9-74445AC21945}.Release|x86.Build.0 = Release|Win32
		{F7693688-D461-4634-894E-0411154EC99B}.Debug|x64.ActiveCfg = Debug|x64
		{F7693688-D461-4634-894E-0411154EC99B}.Debug|x64.Build.0 = Debug|x64
		{F7693688-D461-4634-894E-0411154EC99B}.Debug|x86.ActiveCfg = Debug|Win32
		{F7693688-D461-4634-894E-0411154EC99B}.Debug|x86.Build.0 = Debug|Win32
		{F7693688-D461-4634-894E-0411154EC99B}.Release|x64.ActiveCfg = Release|x64
		{F7693688-D461-4634-894E-0411154EC99B}.Release|x64.Build.0 = Release|x64
		{F7693688-D461-4634-894E-0411154EC99B}.Release|x86.ActiveCfg = Release|Win32
		{F7693688-D461-4634-894E-0411154EC99B}.Release|x86.Build.0 = Release|Win32
		{9418D1DC-D4D4-42A1-83DD-E3B840BFEEDF}.Debug|x64.ActiveCfg = Debug|x64
		{9418D1DC-D4D4-42A1-83DD-E3B840BFEEDF}.Debug|x64.Build.0 = Debug|x64
		{9418D1DC-D4D4-42A1-83DD-E3B840BFEEDF}.Debug|x86.ActiveCfg = Debug|Win32
		{9418D1DC-D4D4-42A1-83DD-E3B840BFEEDF}.Debug|x86.Build.0 = Debug|Win32
		{9418D1DC-D4D4-42A1-83DD-E3B840BFEEDF}.Release|x64.ActiveCfg = Release|x64
		{9418D1DC-D4D4-42A1-83DD-E3B840BFEEDF}.Release|x64.Build.0 = Release|x64
		{9418D1DC-D4D4-42A1-83DD-E3B840BFEEDF}.Release|x86.ActiveCfg = Release|Win32
		{9418D1DC-D4D4-42A1-83DD-E3B840BFEEDF}.Release|x86.Build.0 = Release|Win32
		{389F4A7E-5E40-40B1-A62E-04EB7CBE42F7}.Debug|x64.ActiveCfg = Debug|x64
		{389F4A7E-5E40-40B1-A62E-04EB7CBE42F7}.Debug|x64.Build.0 = Debug|x64
		{389F4A7E-5E40-40B1-A62E-04EB7CBE42F7}.Debug|x86.ActiveCfg = Debug|Win32
		{389F4A7E-5E40-40B1-A62E-04EB7CBE42F7}.Debug|x86.Build.0 = Debug|Win32
		{389F4A7E-5E40-40B1-A62E-04EB7CBE42F7}.Release|x64.ActiveCfg = Release|x64
		{389F4A7E-5E40-40B1-A62E-04EB7CBE42F7}.Release|x64.Build.0 = Release|x64
		{389F4A7E-5E40-40B1-A62E-04EB7CBE42F7}.Release|x86.ActiveCfg = Release|Win32
		{389F4A7E-5E40-40B1-A62E-04EB7CBE42F7}.Release|x86.Build.0 = Release|Win32
		{589DE423-5BF3-4A97-9A76-897C8B1C1974}.Debug|x64.ActiveCfg = Debug|x64
		{589DE423-5BF3-4A97-9A76-897C8B1C1974}.Debug|x64.Build.0 = Debug|x64
		{589DE423-5BF3-4A97-9A76-897C8B1C1974}.Debug|x86.ActiveCfg = Debug|Win32
		{589DE423-5BF3-4A97-9A76-897C8B1C1974}.Debug|x86.Build.0 = Debug|Win32
		{589DE423-5BF3-4A97-9A76-897C8B1C1974}.Release|x64.ActiveCfg = Release|x64
		{589DE423-5BF3-4A97-9A76-897C8B1C1974}.Release|x64.Build.0 = Release|x64
		{589DE423-5BF3-4A97-9A76-897C8B1C1974}.Release|x86.ActiveCfg = Release|Win32
		{589DE423-5BF3-4A97-9A76-897C8B1C1974}.Release|x86.Build.0 = Release|Win32
		{76492E45-A2B1-4619-8155-F36BB57B79C3}.Debug|x64.ActiveCfg = Debug|x64
		{76492E45-A2B1-4619-8155-F36BB57B79C3}.Debug|x64.Build.0 = Debug|x64
		{76492E45-A2B1-4619-8155-F36BB57B79C3}.Debug|x86.ActiveCfg = Debug|Win32
		{76492E45-A2B1-4619-8155-F36BB57B79C3}.Debug|x86.Build.0 = Debug|Win32
		{76492E45-A2B1-4619-8155-F36BB57B79C3}.Release|x64.ActiveCfg = Release|x64
		{76492E45-A2B1-4619-8155-F36BB57B79C3}.Release|x64.Build.0 = Release|x64
		{76492E45-A2B1-4619-8155-F36BB57B79C3}.Release|x86.ActiveCfg = Release|Win32
		{76492E45-A2B1-4619-8155-F36BB57B79C3}.Release|x86.Build.0 = Release|Win32
		{E4A02162-CE45-445B-8C87-BFFA12228017}.Debug|x64.ActiveCfg = Debug|x64
		{E4A02162-CE45-445B-8C87-BFFA12228017}.Debug|x64.Build.0 = Debug|x64
		{E4A02162-CE45-445B-8C87-BFFA12228017}.Debug|x86.ActiveCfg = Debug|Win32
		{E4A02162-CE45-445B-8C87-BFFA12228017}.Debug|x86.Build.0 = Debug|Win32
		{E4A02162-CE45-445B-8C87-BFFA12228017}.Release|x64.ActiveCfg = Release|x64
		{E4A02162-CE45-445B-8C87-BFFA12228017}.Release|x64.Build.0 = Release|x64
		{E4A02162-CE45-445B-8C87-BFFA12228017}.Release|x86.ActiveCfg = Release|Win32
		{E4A02162-CE45-445B-8C87-BFFA12228017}.Release|x86.Build.0 = Release|Win32
		{F5D5E4FE-341E-4CB9-BBCE-1F0BD98C41A6}.Debug|x64.ActiveCfg = Debug|x64
		{F5D5E4FE-341E-4CB9-BBCE-1F0BD98C41A6}.Debug|x64.Build.0 = Debug|x64
		{F5D5E4FE-341E-4CB9-BBCE-1F0BD98C41A6}.Debug|x86.ActiveCfg = Debug|Win32
		{F5D5E4FE-341E-4CB9-BBCE-1F0BD98C41A6}.Debug|x86.Build.0 = Debug|Win32
		{F5D5E4FE-341E-4CB9-BBCE-1F0BD98C41A6}.Release|x64.ActiveCfg = Release|x64
		{F5D5E4FE-341E-4CB9-BBCE-1F0BD98C41A6}.Release|x64.Build.0 = Release|x64
		{F5D5E4FE-341E-4CB9-BBCE-1F0BD98C41A6}.Release|x86.ActiveCfg = Release|Win32
		{F5D5E4FE-341E-4CB9-BBCE-1F0BD98C41A6}.Release|x86.Build.0 = Release|Win32
		{CA6B1326-9506-4EDF-A27B-23E6FF16C571}.Debug|x64.ActiveCfg = Debug|x64
		{CA6B1326-9506-4EDF-A27B-23E6FF16C571}.Debug|x64.Build.0 = Debug|x64
		{CA6B1326-9506-4EDF-A27B-23E6FF16C571}.Debug|x86.ActiveCfg = Debug|Win32
		{CA6B1326-9506-4EDF-A27B-23E6FF16C571}.Debug|x86.Build.0 = Debug|Win32
		{CA6B1326-9506-4EDF-A27B-23E6FF16C571}.Release|x64.ActiveCfg = Release|x64
		{CA6B1326-9506-4EDF-A27B-23E6FF16C571}.Release|x64.Build.0 = Release|x64
		{CA6B1326-9506-4EDF-A27B-23E6FF16C571}.Release|x86.ActiveCfg = Release|Win32
		{CA6B1326-9506-4EDF-A27B-23E6FF16C571}.Release|x86.Build.0 = Release|Win32
		{13B3566B-7309-47D8-895E-49455D1BACF1}.Debug|x64.ActiveCfg = Debug|x64
		{13B3566B-7309-47D8-895E-49455D1BACF1}.Debug|x64.Build.0 = Debug|x64
		{13B3566B-7309-47D8-895E-49455D1BACF1}.Debug|x86.ActiveCfg = Debug|Win32
		{13B3566B-7309-47D8-895E-49455D1BACF1}.Debug|x86.Build.0 = Debug|Win32
		{13B3566B-7309-47D8-895E-49455D1BACF1}.Release|x64.ActiveCfg = Release|x64
		{13B3566B-7309-47D8-895E-49455D1BACF1}.Release|x64.Build.0 = Release|x64
		{13B3566B-7309-47D8-895E-49455D1BACF1}.Release|x86.ActiveCfg = Release|Win32
		{13B3566B-7309-47D8-895E-49455D1BACF1}.Release|x86.Build.0 = Release|Win32
	EndGlobalSection
	GlobalSection(SolutionProperties) = preSolution
		HideSolutionNode = FALSE
	EndGlobalSection
	GlobalSection(ExtensibilityGlobals) = postSolution
		SolutionGuid = {114AEC93-2575-4316-ADB9-52D3ECEB6171}
	EndGlobalSection
EndGlobal
