
Microsoft Visual Studio Solution File, Format Version 12.00
# Visual Studio Version 17
VisualStudioVersion = 17.8.34330.188
MinimumVisualStudioVersion = 10.0.40219.1
Project("{8BC9CEB8-8B4A-11D0-8D11-00A0C91BC942}") = "Day01", "Day01\Day01.vcxproj", "{4700C799-2373-4969-88AB-CA76D3E0707D}"
EndProject
Project("{8BC9CEB8-8B4A-11D0-8D11-00A0C91BC942}") = "Day02", "Day02\Day02.vcxproj", "{98729583-53F9-4F8D-B438-92AC44F8515E}"
EndProject
Project("{8BC9CEB8-8B4A-11D0-8D11-00A0C91BC942}") = "workshop1", "workshop1\workshop1.vcxproj", "{6D300E96-7FB0-40D9-B645-2434C7237139}"
EndProject
Project("{8BC9CEB8-8B4A-11D0-8D11-00A0C91BC942}") = "Day03", "Day03\Day03.vcxproj", "{6F96EA06-A1BF-4054-B9D9-5D9389C98C66}"
EndProject
Project("{8BC9CEB8-8B4A-11D0-8D11-00A0C91BC942}") = "workshop2", "workshop2\workshop2.vcxproj", "{59652CA4-18F1-429D-8F4E-88AE10756E46}"
EndProject
Project("{8BC9CEB8-8B4A-11D0-8D11-00A0C91BC942}") = "Day04", "Day04\Day04.vcxproj", "{34B4EA55-7AEB-4626-A057-9CA3EFA86238}"
EndProject
Project("{8BC9CEB8-8B4A-11D0-8D11-00A0C91BC942}") = "Day05", "Day05\Day05.vcxproj", "{E016C14D-0299-4267-849F-A797E7D28555}"
EndProject
Project("{8BC9CEB8-8B4A-11D0-8D11-00A0C91BC942}") = "workshop3", "workshop3\workshop3.vcxproj", "{4BFF73A6-DEF7-4496-80E7-E5496B7CD1A8}"
EndProject
Project("{8BC9CEB8-8B4A-11D0-8D11-00A0C91BC942}") = "Day06", "Day06\Day06.vcxproj", "{73BAD43F-17AD-484D-82DF-CED05B3339EB}"
EndProject
Project("{8BC9CEB8-8B4A-11D0-8D11-00A0C91BC942}") = "Day07", "Day07\Day07.vcxproj", "{2CE41C8F-D5A8-46F1-91A0-8B4B8CFA8622}"
EndProject
Project("{8BC9CEB8-8B4A-11D0-8D11-00A0C91BC942}") = "study", "study\study.vcxproj", "{E04AD3CC-E750-4FDD-9960-BEA0047E0F33}"
EndProject
Global
	GlobalSection(SolutionConfigurationPlatforms) = preSolution
		Debug|x64 = Debug|x64
		Debug|x86 = Debug|x86
		Release|x64 = Release|x64
		Release|x86 = Release|x86
	EndGlobalSection
	GlobalSection(ProjectConfigurationPlatforms) = postSolution
		{4700C799-2373-4969-88AB-CA76D3E0707D}.Debug|x64.ActiveCfg = Debug|x64
		{4700C799-2373-4969-88AB-CA76D3E0707D}.Debug|x64.Build.0 = Debug|x64
		{4700C799-2373-4969-88AB-CA76D3E0707D}.Debug|x86.ActiveCfg = Debug|Win32
		{4700C799-2373-4969-88AB-CA76D3E0707D}.Debug|x86.Build.0 = Debug|Win32
		{4700C799-2373-4969-88AB-CA76D3E0707D}.Release|x64.ActiveCfg = Release|x64
		{4700C799-2373-4969-88AB-CA76D3E0707D}.Release|x64.Build.0 = Release|x64
		{4700C799-2373-4969-88AB-CA76D3E0707D}.Release|x86.ActiveCfg = Release|Win32
		{4700C799-2373-4969-88AB-CA76D3E0707D}.Release|x86.Build.0 = Release|Win32
		{98729583-53F9-4F8D-B438-92AC44F8515E}.Debug|x64.ActiveCfg = Debug|x64
		{98729583-53F9-4F8D-B438-92AC44F8515E}.Debug|x64.Build.0 = Debug|x64
		{98729583-53F9-4F8D-B438-92AC44F8515E}.Debug|x86.ActiveCfg = Debug|Win32
		{98729583-53F9-4F8D-B438-92AC44F8515E}.Debug|x86.Build.0 = Debug|Win32
		{98729583-53F9-4F8D-B438-92AC44F8515E}.Release|x64.ActiveCfg = Release|x64
		{98729583-53F9-4F8D-B438-92AC44F8515E}.Release|x64.Build.0 = Release|x64
		{98729583-53F9-4F8D-B438-92AC44F8515E}.Release|x86.ActiveCfg = Release|Win32
		{98729583-53F9-4F8D-B438-92AC44F8515E}.Release|x86.Build.0 = Release|Win32
		{6D300E96-7FB0-40D9-B645-2434C7237139}.Debug|x64.ActiveCfg = Debug|x64
		{6D300E96-7FB0-40D9-B645-2434C7237139}.Debug|x64.Build.0 = Debug|x64
		{6D300E96-7FB0-40D9-B645-2434C7237139}.Debug|x86.ActiveCfg = Debug|Win32
		{6D300E96-7FB0-40D9-B645-2434C7237139}.Debug|x86.Build.0 = Debug|Win32
		{6D300E96-7FB0-40D9-B645-2434C7237139}.Release|x64.ActiveCfg = Release|x64
		{6D300E96-7FB0-40D9-B645-2434C7237139}.Release|x64.Build.0 = Release|x64
		{6D300E96-7FB0-40D9-B645-2434C7237139}.Release|x86.ActiveCfg = Release|Win32
		{6D300E96-7FB0-40D9-B645-2434C7237139}.Release|x86.Build.0 = Release|Win32
		{6F96EA06-A1BF-4054-B9D9-5D9389C98C66}.Debug|x64.ActiveCfg = Debug|x64
		{6F96EA06-A1BF-4054-B9D9-5D9389C98C66}.Debug|x64.Build.0 = Debug|x64
		{6F96EA06-A1BF-4054-B9D9-5D9389C98C66}.Debug|x86.ActiveCfg = Debug|Win32
		{6F96EA06-A1BF-4054-B9D9-5D9389C98C66}.Debug|x86.Build.0 = Debug|Win32
		{6F96EA06-A1BF-4054-B9D9-5D9389C98C66}.Release|x64.ActiveCfg = Release|x64
		{6F96EA06-A1BF-4054-B9D9-5D9389C98C66}.Release|x64.Build.0 = Release|x64
		{6F96EA06-A1BF-4054-B9D9-5D9389C98C66}.Release|x86.ActiveCfg = Release|Win32
		{6F96EA06-A1BF-4054-B9D9-5D9389C98C66}.Release|x86.Build.0 = Release|Win32
		{59652CA4-18F1-429D-8F4E-88AE10756E46}.Debug|x64.ActiveCfg = Debug|x64
		{59652CA4-18F1-429D-8F4E-88AE10756E46}.Debug|x64.Build.0 = Debug|x64
		{59652CA4-18F1-429D-8F4E-88AE10756E46}.Debug|x86.ActiveCfg = Debug|Win32
		{59652CA4-18F1-429D-8F4E-88AE10756E46}.Debug|x86.Build.0 = Debug|Win32
		{59652CA4-18F1-429D-8F4E-88AE10756E46}.Release|x64.ActiveCfg = Release|x64
		{59652CA4-18F1-429D-8F4E-88AE10756E46}.Release|x64.Build.0 = Release|x64
		{59652CA4-18F1-429D-8F4E-88AE10756E46}.Release|x86.ActiveCfg = Release|Win32
		{59652CA4-18F1-429D-8F4E-88AE10756E46}.Release|x86.Build.0 = Release|Win32
		{34B4EA55-7AEB-4626-A057-9CA3EFA86238}.Debug|x64.ActiveCfg = Debug|x64
		{34B4EA55-7AEB-4626-A057-9CA3EFA86238}.Debug|x64.Build.0 = Debug|x64
		{34B4EA55-7AEB-4626-A057-9CA3EFA86238}.Debug|x86.ActiveCfg = Debug|Win32
		{34B4EA55-7AEB-4626-A057-9CA3EFA86238}.Debug|x86.Build.0 = Debug|Win32
		{34B4EA55-7AEB-4626-A057-9CA3EFA86238}.Release|x64.ActiveCfg = Release|x64
		{34B4EA55-7AEB-4626-A057-9CA3EFA86238}.Release|x64.Build.0 = Release|x64
		{34B4EA55-7AEB-4626-A057-9CA3EFA86238}.Release|x86.ActiveCfg = Release|Win32
		{34B4EA55-7AEB-4626-A057-9CA3EFA86238}.Release|x86.Build.0 = Release|Win32
		{E016C14D-0299-4267-849F-A797E7D28555}.Debug|x64.ActiveCfg = Debug|x64
		{E016C14D-0299-4267-849F-A797E7D28555}.Debug|x64.Build.0 = Debug|x64
		{E016C14D-0299-4267-849F-A797E7D28555}.Debug|x86.ActiveCfg = Debug|Win32
		{E016C14D-0299-4267-849F-A797E7D28555}.Debug|x86.Build.0 = Debug|Win32
		{E016C14D-0299-4267-849F-A797E7D28555}.Release|x64.ActiveCfg = Release|x64
		{E016C14D-0299-4267-849F-A797E7D28555}.Release|x64.Build.0 = Release|x64
		{E016C14D-0299-4267-849F-A797E7D28555}.Release|x86.ActiveCfg = Release|Win32
		{E016C14D-0299-4267-849F-A797E7D28555}.Release|x86.Build.0 = Release|Win32
		{4BFF73A6-DEF7-4496-80E7-E5496B7CD1A8}.Debug|x64.ActiveCfg = Debug|x64
		{4BFF73A6-DEF7-4496-80E7-E5496B7CD1A8}.Debug|x64.Build.0 = Debug|x64
		{4BFF73A6-DEF7-4496-80E7-E5496B7CD1A8}.Debug|x86.ActiveCfg = Debug|Win32
		{4BFF73A6-DEF7-4496-80E7-E5496B7CD1A8}.Debug|x86.Build.0 = Debug|Win32
		{4BFF73A6-DEF7-4496-80E7-E5496B7CD1A8}.Release|x64.ActiveCfg = Release|x64
		{4BFF73A6-DEF7-4496-80E7-E5496B7CD1A8}.Release|x64.Build.0 = Release|x64
		{4BFF73A6-DEF7-4496-80E7-E5496B7CD1A8}.Release|x86.ActiveCfg = Release|Win32
		{4BFF73A6-DEF7-4496-80E7-E5496B7CD1A8}.Release|x86.Build.0 = Release|Win32
		{73BAD43F-17AD-484D-82DF-CED05B3339EB}.Debug|x64.ActiveCfg = Debug|x64
		{73BAD43F-17AD-484D-82DF-CED05B3339EB}.Debug|x64.Build.0 = Debug|x64
		{73BAD43F-17AD-484D-82DF-CED05B3339EB}.Debug|x86.ActiveCfg = Debug|Win32
		{73BAD43F-17AD-484D-82DF-CED05B3339EB}.Debug|x86.Build.0 = Debug|Win32
		{73BAD43F-17AD-484D-82DF-CED05B3339EB}.Release|x64.ActiveCfg = Release|x64
		{73BAD43F-17AD-484D-82DF-CED05B3339EB}.Release|x64.Build.0 = Release|x64
		{73BAD43F-17AD-484D-82DF-CED05B3339EB}.Release|x86.ActiveCfg = Release|Win32
		{73BAD43F-17AD-484D-82DF-CED05B3339EB}.Release|x86.Build.0 = Release|Win32
		{2CE41C8F-D5A8-46F1-91A0-8B4B8CFA8622}.Debug|x64.ActiveCfg = Debug|x64
		{2CE41C8F-D5A8-46F1-91A0-8B4B8CFA8622}.Debug|x64.Build.0 = Debug|x64
		{2CE41C8F-D5A8-46F1-91A0-8B4B8CFA8622}.Debug|x86.ActiveCfg = Debug|Win32
		{2CE41C8F-D5A8-46F1-91A0-8B4B8CFA8622}.Debug|x86.Build.0 = Debug|Win32
		{2CE41C8F-D5A8-46F1-91A0-8B4B8CFA8622}.Release|x64.ActiveCfg = Release|x64
		{2CE41C8F-D5A8-46F1-91A0-8B4B8CFA8622}.Release|x64.Build.0 = Release|x64
		{2CE41C8F-D5A8-46F1-91A0-8B4B8CFA8622}.Release|x86.ActiveCfg = Release|Win32
		{2CE41C8F-D5A8-46F1-91A0-8B4B8CFA8622}.Release|x86.Build.0 = Release|Win32
		{E04AD3CC-E750-4FDD-9960-BEA0047E0F33}.Debug|x64.ActiveCfg = Debug|x64
		{E04AD3CC-E750-4FDD-9960-BEA0047E0F33}.Debug|x64.Build.0 = Debug|x64
		{E04AD3CC-E750-4FDD-9960-BEA0047E0F33}.Debug|x86.ActiveCfg = Debug|Win32
		{E04AD3CC-E750-4FDD-9960-BEA0047E0F33}.Debug|x86.Build.0 = Debug|Win32
		{E04AD3CC-E750-4FDD-9960-BEA0047E0F33}.Release|x64.ActiveCfg = Release|x64
		{E04AD3CC-E750-4FDD-9960-BEA0047E0F33}.Release|x64.Build.0 = Release|x64
		{E04AD3CC-E750-4FDD-9960-BEA0047E0F33}.Release|x86.ActiveCfg = Release|Win32
		{E04AD3CC-E750-4FDD-9960-BEA0047E0F33}.Release|x86.Build.0 = Release|Win32
	EndGlobalSection
	GlobalSection(SolutionProperties) = preSolution
		HideSolutionNode = FALSE
	EndGlobalSection
	GlobalSection(ExtensibilityGlobals) = postSolution
		SolutionGuid = {61CA988A-1297-44A3-8D0E-DB21A4DC385B}
	EndGlobalSection
EndGlobal
